
Microsoft Visual Studio Solution File, Format Version 12.00
# Visual Studio 15
VisualStudioVersion = 15.0.27703.2042
MinimumVisualStudioVersion = 10.0.40219.1
Project("{FAE04EC0-301F-11D3-BF4B-00C04F79EFBC}") = "DnsBits", "DnsBits\DnsBits.csproj", "{69C2B418-C95E-4BEE-9AFA-0E1601ABA960}"
EndProject
Project("{FAE04EC0-301F-11D3-BF4B-00C04F79EFBC}") = "Tests", "Tests\Tests.csproj", "{BEA21095-8FA2-4D23-8866-F326172A00B6}"
EndProject
Global
	GlobalSection(SolutionConfigurationPlatforms) = preSolution
		Debug|Any CPU = Debug|Any CPU
		Release|Any CPU = Release|Any CPU
	EndGlobalSection
	GlobalSection(ProjectConfigurationPlatforms) = postSolution
		{69C2B418-C95E-4BEE-9AFA-0E1601ABA960}.Debug|Any CPU.ActiveCfg = Debug|Any CPU
		{69C2B418-C95E-4BEE-9AFA-0E1601ABA960}.Debug|Any CPU.Build.0 = Debug|Any CPU
		{69C2B418-C95E-4BEE-9AFA-0E1601ABA960}.Release|Any CPU.ActiveCfg = Release|Any CPU
		{69C2B418-C95E-4BEE-9AFA-0E1601ABA960}.Release|Any CPU.Build.0 = Release|Any CPU
		{BEA21095-8FA2-4D23-8866-F326172A00B6}.Debug|Any CPU.ActiveCfg = Debug|Any CPU
		{BEA21095-8FA2-4D23-8866-F326172A00B6}.Debug|Any CPU.Build.0 = Debug|Any CPU
		{BEA21095-8FA2-4D23-8866-F326172A00B6}.Release|Any CPU.ActiveCfg = Release|Any CPU
		{BEA21095-8FA2-4D23-8866-F326172A00B6}.Release|Any CPU.Build.0 = Release|Any CPU
	EndGlobalSection
	GlobalSection(SolutionProperties) = preSolution
		HideSolutionNode = FALSE
	EndGlobalSection
	GlobalSection(ExtensibilityGlobals) = postSolution
		SolutionGuid = {F14FCBC6-8A76-48B3-B545-C5D3B2D9F178}
	EndGlobalSection
EndGlobal
